{
  "name": "reactive-props",
  "lockfileVersion": 3,
  "requires": true,
  "packages": {
    "": {
      "dependencies": {
        "inversify": "^7.5.1",
        "reflect-metadata": "^0.2.2",
        "rxjs": "^7.8.2"
      },
      "devDependencies": {
        "typescript": "^5.8.3"
      }
    },
    "node_modules/@inversifyjs/common": {
      "version": "1.5.0",
      "resolved": "https://registry.npmjs.org/@inversifyjs/common/-/common-1.5.0.tgz",
      "integrity": "sha512-Qj5BELk11AfI2rgZEAaLPmOftmQRLLmoCXgAjmaF0IngQN5vHomVT5ML7DZ3+CA5fgGcEVMcGbUDAun+Rz+oNg==",
      "license": "MIT"
    },
    "node_modules/@inversifyjs/container": {
      "version": "1.9.1",
      "resolved": "https://registry.npmjs.org/@inversifyjs/container/-/container-1.9.1.tgz",
      "integrity": "sha512-8EhjFoAx1LoD7TpCuP9ptitwc+7kVXEpZB0IeoEsCQb9sWaNYYaBi+7Lommu3/1nYxdMbX2t7AJhQnryT1EEsg==",
      "license": "MIT",
      "dependencies": {
        "@inversifyjs/common": "1.5.0",
        "@inversifyjs/core": "5.2.0",
        "@inversifyjs/reflect-metadata-utils": "1.1.0"
      },
      "peerDependencies": {
        "reflect-metadata": "~0.2.2"
      }
    },
    "node_modules/@inversifyjs/core": {
      "version": "5.2.0",
      "resolved": "https://registry.npmjs.org/@inversifyjs/core/-/core-5.2.0.tgz",
      "integrity": "sha512-MMaHGGRjQWT9uAof63sbZyEhRl4XptEAE17DJwrgUcN9LsdIEvecKP3r53pE9VF88PFR41knUKKzagUBvWLHmw==",
      "license": "MIT",
      "dependencies": {
        "@inversifyjs/common": "1.5.0",
        "@inversifyjs/prototype-utils": "0.1.0",
        "@inversifyjs/reflect-metadata-utils": "1.1.0"
      }
    },
    "node_modules/@inversifyjs/prototype-utils": {
      "version": "0.1.0",
      "resolved": "https://registry.npmjs.org/@inversifyjs/prototype-utils/-/prototype-utils-0.1.0.tgz",
      "integrity": "sha512-lNz1yyajMRDXBHLvJsYYX81FcmeD15e5Qz1zAZ/3zeYTl+u7ZF/GxNRKJzNOloeMPMtuR8BnvzHA1SZxjR+J9w==",
      "license": "MIT",
      "dependencies": {
        "@inversifyjs/common": "1.5.0"
      }
    },
    "node_modules/@inversifyjs/reflect-metadata-utils": {
      "version": "1.1.0",
      "resolved": "https://registry.npmjs.org/@inversifyjs/reflect-metadata-utils/-/reflect-metadata-utils-1.1.0.tgz",
      "integrity": "sha512-jmuAuC3eL1GnFAYfJGJOMKRDL9q1mgzOyrban6zxfM8Yg1FUHsj25h27bW2G7p8X1Amvhg3MLkaOuogszkrofA==",
      "license": "MIT",
      "peerDependencies": {
        "reflect-metadata": "0.2.2"
      }
    },
    "node_modules/inversify": {
      "version": "7.5.1",
      "resolved": "https://registry.npmjs.org/inversify/-/inversify-7.5.1.tgz",
      "integrity": "sha512-oWWFDU2BXiuqZynGcLDDD4tqiWAeaEUCALlCj0vk/QwHGgZY/tzDFPuTmWMY3jwRmDIHxVDkcj9SL3MFTlCEDw==",
      "license": "MIT",
      "dependencies": {
        "@inversifyjs/common": "1.5.0",
        "@inversifyjs/container": "1.9.1",
        "@inversifyjs/core": "5.2.0"
      },
      "peerDependencies": {
        "reflect-metadata": "~0.2.2"
      }
    },
    "node_modules/reflect-metadata": {
      "version": "0.2.2",
      "resolved": "https://registry.npmjs.org/reflect-metadata/-/reflect-metadata-0.2.2.tgz",
      "integrity": "sha512-urBwgfrvVP/eAyXx4hluJivBKzuEbSQs9rKWCrCkbSxNv8mxPcUZKeuoF3Uy4mJl3Lwprp6yy5/39VWigZ4K6Q==",
      "license": "Apache-2.0"
    },
    "node_modules/rxjs": {
      "version": "7.8.2",
      "resolved": "https://registry.npmjs.org/rxjs/-/rxjs-7.8.2.tgz",
      "integrity": "sha512-dhKf903U/PQZY6boNNtAGdWbG85WAbjT/1xYoZIC7FAY0yWapOBQVsVrDl58W86//e1VpMNBtRV4MaXfdMySFA==",
      "license": "Apache-2.0",
      "dependencies": {
        "tslib": "^2.1.0"
      }
    },
    "node_modules/tslib": {
      "version": "2.8.1",
      "resolved": "https://registry.npmjs.org/tslib/-/tslib-2.8.1.tgz",
      "integrity": "sha512-oJFu94HQb+KVduSUQL7wnpmqnfmLsOA/nAh6b6EH0wCEoK0/mPeXU6c3wKDV83MkOuHPRHtSXKKU99IBazS/2w==",
      "license": "0BSD"
    },
    "node_modules/typescript": {
      "version": "5.8.3",
      "resolved": "https://registry.npmjs.org/typescript/-/typescript-5.8.3.tgz",
      "integrity": "sha512-p1diW6TqL9L07nNxvRMM7hMMw4c5XOo/1ibL4aAIGmSAt9slTE1Xgw5KWuof2uTOvCg9BY7ZRi+GaF+7sfgPeQ==",
      "dev": true,
      "license": "Apache-2.0",
      "bin": {
        "tsc": "bin/tsc",
        "tsserver": "bin/tsserver"
      },
      "engines": {
        "node": ">=14.17"
      }
    }
  }
}
